{
  "name": "reframe_camerav_0_0_2",
  "version": "1.0.0",
  "lockfileVersion": 3,
  "requires": true,
  "packages": {
    "": {
      "name": "reframe_camerav_0_0_2",
      "version": "1.0.0",
      "dependencies": {
        "@aily-project/board-xiao_esp32s3_sense": "3.3.1",
        "@aily-project/lib-core-custom": "1.1.0",
        "@aily-project/lib-core-io": "1.0.0",
        "@aily-project/lib-core-logic": "0.0.1",
        "@aily-project/lib-core-loop": "0.0.1",
        "@aily-project/lib-core-math": "0.0.1",
        "@aily-project/lib-core-serial": "0.0.1",
        "@aily-project/lib-core-text": "1.0.0",
        "@aily-project/lib-core-time": "0.0.1",
        "@aily-project/lib-core-variables": "1.0.1",
        "@aily-project/lib-esp32-littlefs": "0.0.1",
        "@aily-project/lib-esp32-preferences": "0.0.2",
        "@aily-project/lib-esp32-webserver": "1.0.0",
        "@aily-project/lib-esp32-wifi": "1.0.3",
        "@aily-project/lib-esp32cam": "1.0.0",
        "@aily-project/lib-gxepd2": "1.6.9"
      }
    },
    "node_modules/@aily-project/board-xiao_esp32s3_sense": {
      "version": "3.3.1",
      "resolved": "https://registry.yiyu.pro/@aily-project/board-xiao_esp32s3_sense/-/board-xiao_esp32s3_sense-3.3.1.tgz",
      "integrity": "sha512-ARRpkHlHckDisuM9AAuUIB26mNHkyKZsnMqR8kVEJD3hMRe6a9DQysB3pThDvlp7z6dFVd4dq3Y4WVVjPc+AfQ==",
      "license": "ISC"
    },
    "node_modules/@aily-project/lib-core-custom": {
      "version": "1.1.0",
      "resolved": "https://registry.yiyu.pro/@aily-project/lib-core-custom/-/lib-core-custom-1.1.0.tgz",
      "integrity": "sha512-Qskkn1/XOmC/ZfHLcvUENofNFEl17vihBVhzn+0YK/31qTzdIQv13H5e+mijqLHS6khqG8JotdoYcolJp0qDEg=="
    },
    "node_modules/@aily-project/lib-core-io": {
      "version": "1.0.0",
      "resolved": "https://registry.yiyu.pro/@aily-project/lib-core-io/-/lib-core-io-1.0.0.tgz",
      "integrity": "sha512-Vc6CesY6494GfwPVKbjRGh1etcAQPjfOwWD5tVNGjQkhaIgMdBUO9BpAstwUoCL9Xqc/SmnR2UeeQEkoHQpyYQ=="
    },
    "node_modules/@aily-project/lib-core-logic": {
      "version": "0.0.1",
      "resolved": "https://registry.yiyu.pro/@aily-project/lib-core-logic/-/lib-core-logic-0.0.1.tgz",
      "integrity": "sha512-6G+ABWb4ffafAWCV9SE+F9mWxO1jiA2+q4fnU1FDG5zwCpeIAHOZzx+kqMgrIyluciAaTWg6Fz1J3M1wYtTzZQ=="
    },
    "node_modules/@aily-project/lib-core-loop": {
      "version": "0.0.1",
      "resolved": "https://registry.yiyu.pro/@aily-project/lib-core-loop/-/lib-core-loop-0.0.1.tgz",
      "integrity": "sha512-sSZW2bDVV9saLSKLobuAoKiN/0WRs7CC0YjBrUZ9FtEpOe46Rm4fvZAW6s2j21qFj2rdxUzN1xpifUXpb2aE2w=="
    },
    "node_modules/@aily-project/lib-core-math": {
      "version": "0.0.1",
      "resolved": "https://registry.yiyu.pro/@aily-project/lib-core-math/-/lib-core-math-0.0.1.tgz",
      "integrity": "sha512-m9Aud4Y4BgUdktYFx1TmWkpY8RamRS/CvF/3LYYoGnCkYf2N0NbGas2Z5KwfBUpObDib+7zpRf+SFm0T8nApWA=="
    },
    "node_modules/@aily-project/lib-core-serial": {
      "version": "0.0.1",
      "resolved": "https://registry.yiyu.pro/@aily-project/lib-core-serial/-/lib-core-serial-0.0.1.tgz",
      "integrity": "sha512-ZSidrxslr+Sgqqk2ivirphSqAVHsLwebZcO+nb9xNR/nYNq6HNMLxGHUnKPJ+mHE67E3D+HnKMZrscg26tWWeg=="
    },
    "node_modules/@aily-project/lib-core-text": {
      "version": "1.0.0",
      "resolved": "https://registry.yiyu.pro/@aily-project/lib-core-text/-/lib-core-text-1.0.0.tgz",
      "integrity": "sha512-C/2sxEM+PXkgDKzPvFUn5WdXxbvKWG5tjGA0TdfpLPdQ7k6Bekw2COYWI7sJnCReh1BwX79OV8jQqyF4vdQbSQ=="
    },
    "node_modules/@aily-project/lib-core-time": {
      "version": "0.0.1",
      "resolved": "https://registry.yiyu.pro/@aily-project/lib-core-time/-/lib-core-time-0.0.1.tgz",
      "integrity": "sha512-3EoXvvA2mNPh9jT/qI/yfnq0Cq8v6r2tzcprvf4A4BjFk7pH548fJz3ozg2Na4WdEjfuJk4Cpd5HhK/71Zu8Tw==",
      "dependencies": {
        "@aily-project/lib-core-math": "0.0.1"
      }
    },
    "node_modules/@aily-project/lib-core-variables": {
      "version": "1.0.1",
      "resolved": "https://registry.yiyu.pro/@aily-project/lib-core-variables/-/lib-core-variables-1.0.1.tgz",
      "integrity": "sha512-ZjcN+0U+pjV+By6/2ttsP+uejCAifnEDHXEj7I0qHDTV8de5t2z2U0MDx3PLa46kKLmNpllvXFMsdmvKxgbgkA=="
    },
    "node_modules/@aily-project/lib-esp32-littlefs": {
      "version": "0.0.1",
      "resolved": "https://registry.yiyu.pro/@aily-project/lib-esp32-littlefs/-/lib-esp32-littlefs-0.0.1.tgz",
      "integrity": "sha512-9cKQoNzMm7LKjiXsYPdCW8RWxI5d2tRGJrDE6ZK9AfBAG2fuYcVy77wZ3dushtodhm2Z2zFLWg/OgEzcyofU4A=="
    },
    "node_modules/@aily-project/lib-esp32-preferences": {
      "version": "0.0.2",
      "resolved": "https://registry.yiyu.pro/@aily-project/lib-esp32-preferences/-/lib-esp32-preferences-0.0.2.tgz",
      "integrity": "sha512-i85RUXP+kGKB+AMDae/0qXXEApRNadSD9xhOVKvw1XbIKB7We+32vuEpD56kupxY4+SZy0bsZzyPIXER7WPIbA=="
    },
    "node_modules/@aily-project/lib-esp32-webserver": {
      "version": "1.0.0",
      "resolved": "https://registry.yiyu.pro/@aily-project/lib-esp32-webserver/-/lib-esp32-webserver-1.0.0.tgz",
      "integrity": "sha512-sTxP0IE7P0Ezm3eZIntTT5FNUdGoozCc5i7tGZ4MSw6wxUMTURF+DzijqZagTVDPycKUSZekt6YESCEbhfRiSw=="
    },
    "node_modules/@aily-project/lib-esp32-wifi": {
      "version": "1.0.3",
      "resolved": "https://registry.yiyu.pro/@aily-project/lib-esp32-wifi/-/lib-esp32-wifi-1.0.3.tgz",
      "integrity": "sha512-+Mj8SP6ar/xWAW4DFIzzcWBtLi0IixAH/J5DzsDELSURkmfHIY6CFRc+whkS/PIibAWMCZYY5092xQGyHmdU9w=="
    },
    "node_modules/@aily-project/lib-esp32cam": {
      "version": "1.0.0",
      "resolved": "https://registry.yiyu.pro/@aily-project/lib-esp32cam/-/lib-esp32cam-1.0.0.tgz",
      "integrity": "sha512-0jXlm9ZwSR4T2ec9F0CeRftFziZC7mYKuu0Mn9/GczzIK7qs/iy4oiLc+ObT9kHwtDafL1wi9FyY7SEuXVO4Hw==",
      "license": "ISC",
      "dependencies": {
        "@aily-project/lib-esp32-webserver": "1.0.1"
      }
    },
    "node_modules/@aily-project/lib-esp32cam/node_modules/@aily-project/lib-esp32-webserver": {
      "version": "1.0.1",
      "resolved": "https://registry.yiyu.pro/@aily-project/lib-esp32-webserver/-/lib-esp32-webserver-1.0.1.tgz",
      "integrity": "sha512-VI9WdI5qOVJ9fjxjLCcfQJzSs9MyJPc+w6jOcseUDue7lROkuy30T6CqN7QGPb3/yXSG4qE+r+vV4Ywzc7vpsA=="
    },
    "node_modules/@aily-project/lib-gxepd2": {
      "version": "1.6.9",
      "resolved": "https://registry.yiyu.pro/@aily-project/lib-gxepd2/-/lib-gxepd2-1.6.9.tgz",
      "integrity": "sha512-1Zhs7SNdyZ4NPvHsg1tbNfhEW+7E2GONes+o6cnFDXiHIAZnDlxw3UAVTrdjGGFqwAq8Wm6NlYXhb9teFguH+Q==",
      "license": "GPL-3.0"
    }
  }
}
